
Microsoft Visual Studio Solution File, Format Version 12.00
# Visual Studio Version 17
VisualStudioVersion = 17.5.33627.172
MinimumVisualStudioVersion = 10.0.40219.1
Project("{8BC9CEB8-8B4A-11D0-8D11-00A0C91BC942}") = "AiDz Injector", "AiDz Injector\AiDz Injector.vcxproj", "{F45CE39B-B3B3-46A7-BAD9-580CEF417228}"
EndProject
Project("{8BC9CEB8-8B4A-11D0-8D11-00A0C91BC942}") = "aids", "aids\aids.vcxproj", "{846B9132-93DA-418B-9C59-28F5309422C5}"
EndProject
Project("{9A19103F-16F7-4668-BE54-9A1E7A4F7556}") = "aidsui", "aidsui\aidsui.csproj", "{766B3775-7301-484C-ADE7-1553D7D99B8E}"
EndProject
Global
	GlobalSection(SolutionConfigurationPlatforms) = preSolution
		Debug|Any CPU = Debug|Any CPU
		Debug|x64 = Debug|x64
		Debug|x86 = Debug|x86
		Release|Any CPU = Release|Any CPU
		Release|x64 = Release|x64
		Release|x86 = Release|x86
	EndGlobalSection
	GlobalSection(ProjectConfigurationPlatforms) = postSolution
		{F45CE39B-B3B3-46A7-BAD9-580CEF417228}.Debug|Any CPU.ActiveCfg = Debug|x64
		{F45CE39B-B3B3-46A7-BAD9-580CEF417228}.Debug|Any CPU.Build.0 = Debug|x64
		{F45CE39B-B3B3-46A7-BAD9-580CEF417228}.Debug|x64.ActiveCfg = Debug|x64
		{F45CE39B-B3B3-46A7-BAD9-580CEF417228}.Debug|x64.Build.0 = Debug|x64
		{F45CE39B-B3B3-46A7-BAD9-580CEF417228}.Debug|x86.ActiveCfg = Debug|Win32
		{F45CE39B-B3B3-46A7-BAD9-580CEF417228}.Debug|x86.Build.0 = Debug|Win32
		{F45CE39B-B3B3-46A7-BAD9-580CEF417228}.Release|Any CPU.ActiveCfg = Release|x64
		{F45CE39B-B3B3-46A7-BAD9-580CEF417228}.Release|Any CPU.Build.0 = Release|x64
		{F45CE39B-B3B3-46A7-BAD9-580CEF417228}.Release|x64.ActiveCfg = Release|x64
		{F45CE39B-B3B3-46A7-BAD9-580CEF417228}.Release|x64.Build.0 = Release|x64
		{F45CE39B-B3B3-46A7-BAD9-580CEF417228}.Release|x86.ActiveCfg = Release|Win32
		{F45CE39B-B3B3-46A7-BAD9-580CEF417228}.Release|x86.Build.0 = Release|Win32
		{846B9132-93DA-418B-9C59-28F5309422C5}.Debug|Any CPU.ActiveCfg = Debug|x64
		{846B9132-93DA-418B-9C59-28F5309422C5}.Debug|Any CPU.Build.0 = Debug|x64
		{846B9132-93DA-418B-9C59-28F5309422C5}.Debug|x64.ActiveCfg = Debug|x64
		{846B9132-93DA-418B-9C59-28F5309422C5}.Debug|x64.Build.0 = Debug|x64
		{846B9132-93DA-418B-9C59-28F5309422C5}.Debug|x86.ActiveCfg = Debug|Win32
		{846B9132-93DA-418B-9C59-28F5309422C5}.Debug|x86.Build.0 = Debug|Win32
		{846B9132-93DA-418B-9C59-28F5309422C5}.Release|Any CPU.ActiveCfg = Release|x64
		{846B9132-93DA-418B-9C59-28F5309422C5}.Release|Any CPU.Build.0 = Release|x64
		{846B9132-93DA-418B-9C59-28F5309422C5}.Release|x64.ActiveCfg = Release|x64
		{846B9132-93DA-418B-9C59-28F5309422C5}.Release|x64.Build.0 = Release|x64
		{846B9132-93DA-418B-9C59-28F5309422C5}.Release|x86.ActiveCfg = Release|Win32
		{846B9132-93DA-418B-9C59-28F5309422C5}.Release|x86.Build.0 = Release|Win32
		{766B3775-7301-484C-ADE7-1553D7D99B8E}.Debug|Any CPU.ActiveCfg = Debug|Any CPU
		{766B3775-7301-484C-ADE7-1553D7D99B8E}.Debug|Any CPU.Build.0 = Debug|Any CPU
		{766B3775-7301-484C-ADE7-1553D7D99B8E}.Debug|x64.ActiveCfg = Debug|Any CPU
		{766B3775-7301-484C-ADE7-1553D7D99B8E}.Debug|x64.Build.0 = Debug|Any CPU
		{766B3775-7301-484C-ADE7-1553D7D99B8E}.Debug|x86.ActiveCfg = Debug|Any CPU
		{766B3775-7301-484C-ADE7-1553D7D99B8E}.Debug|x86.Build.0 = Debug|Any CPU
		{766B3775-7301-484C-ADE7-1553D7D99B8E}.Release|Any CPU.ActiveCfg = Release|Any CPU
		{766B3775-7301-484C-ADE7-1553D7D99B8E}.Release|Any CPU.Build.0 = Release|Any CPU
		{766B3775-7301-484C-ADE7-1553D7D99B8E}.Release|x64.ActiveCfg = Release|Any CPU
		{766B3775-7301-484C-ADE7-1553D7D99B8E}.Release|x64.Build.0 = Release|Any CPU
		{766B3775-7301-484C-ADE7-1553D7D99B8E}.Release|x86.ActiveCfg = Release|Any CPU
		{766B3775-7301-484C-ADE7-1553D7D99B8E}.Release|x86.Build.0 = Release|Any CPU
	EndGlobalSection
	GlobalSection(SolutionProperties) = preSolution
		HideSolutionNode = FALSE
	EndGlobalSection
	GlobalSection(ExtensibilityGlobals) = postSolution
		SolutionGuid = {9CA6B8C3-E327-4FEB-B2AD-1242D985966F}
	EndGlobalSection
EndGlobal
